
Microsoft Visual Studio Solution File, Format Version 12.00
# Visual Studio Version 17
VisualStudioVersion = 17.7.34221.43
MinimumVisualStudioVersion = 10.0.40219.1
Project("{FAE04EC0-301F-11D3-BF4B-00C04F79EFBC}") = "test", "test\test.csproj", "{F37DFC6F-7782-458B-ADF9-769B5DA37FD1}"
EndProject
Global
	GlobalSection(SolutionConfigurationPlatforms) = preSolution
		Debug|Any CPU = Debug|Any CPU
		Release|Any CPU = Release|Any CPU
	EndGlobalSection
	GlobalSection(ProjectConfigurationPlatforms) = postSolution
		{F37DFC6F-7782-458B-ADF9-769B5DA37FD1}.Debug|Any CPU.ActiveCfg = Debug|Any CPU
		{F37DFC6F-7782-458B-ADF9-769B5DA37FD1}.Debug|Any CPU.Build.0 = Debug|Any CPU
		{F37DFC6F-7782-458B-ADF9-769B5DA37FD1}.Release|Any CPU.ActiveCfg = Release|Any CPU
		{F37DFC6F-7782-458B-ADF9-769B5DA37FD1}.Release|Any CPU.Build.0 = Release|Any CPU
	EndGlobalSection
	GlobalSection(SolutionProperties) = preSolution
		HideSolutionNode = FALSE
	EndGlobalSection
	GlobalSection(ExtensibilityGlobals) = postSolution
		SolutionGuid = {3FA04A16-209B-4DF0-9E0F-76305BD032F2}
	EndGlobalSection
EndGlobal
